// !$*UTF8*$!
{
	archiveVersion = 1;
	classes = {
	};
	objectVersion = 56;
	objects = {

/* Begin PBXBuildFile section */
		CE13EFCA29C35129001E3E76 /* Extension UIView.swift in Sources */ = {isa = PBXBuildFile; fileRef = CE13EFC929C35129001E3E76 /* Extension UIView.swift */; };
		CE13EFCD29C88B15001E3E76 /* OAuthConfiguration.swift in Sources */ = {isa = PBXBuildFile; fileRef = CE13EFCC29C88B15001E3E76 /* OAuthConfiguration.swift */; };
		CE13EFD029C8A148001E3E76 /* AuthViewController.swift in Sources */ = {isa = PBXBuildFile; fileRef = CE13EFCF29C8A148001E3E76 /* AuthViewController.swift */; };
		CE13EFD229C8A2BE001E3E76 /* WebViewViewController.swift in Sources */ = {isa = PBXBuildFile; fileRef = CE13EFD129C8A2BE001E3E76 /* WebViewViewController.swift */; };
		CE13EFD629CC976C001E3E76 /* OAuth2Service.swift in Sources */ = {isa = PBXBuildFile; fileRef = CE13EFD529CC976C001E3E76 /* OAuth2Service.swift */; };
		CE13EFD829CCA92B001E3E76 /* OAuth2TokenStorage.swift in Sources */ = {isa = PBXBuildFile; fileRef = CE13EFD729CCA92B001E3E76 /* OAuth2TokenStorage.swift */; };
		CE13EFDA29CCAFEF001E3E76 /* OAuthTokenResponseBody.swift in Sources */ = {isa = PBXBuildFile; fileRef = CE13EFD929CCAFEF001E3E76 /* OAuthTokenResponseBody.swift */; };
		CE3B9E3C29E1957D003FD536 /* Extension NetworkClient.swift in Sources */ = {isa = PBXBuildFile; fileRef = CE3B9E3B29E1957D003FD536 /* Extension NetworkClient.swift */; };
		CE3B9E3E29E19E92003FD536 /* UIBlockingProgressHUD.swift in Sources */ = {isa = PBXBuildFile; fileRef = CE3B9E3D29E19E92003FD536 /* UIBlockingProgressHUD.swift */; };
		CE3B9E4029E1A2D0003FD536 /* ProfileService.swift in Sources */ = {isa = PBXBuildFile; fileRef = CE3B9E3F29E1A2D0003FD536 /* ProfileService.swift */; };
		CE3B9E4229E2FD82003FD536 /* ProfileImageService.swift in Sources */ = {isa = PBXBuildFile; fileRef = CE3B9E4129E2FD82003FD536 /* ProfileImageService.swift */; };
		CE3B9E4529EC4927003FD536 /* Kingfisher in Frameworks */ = {isa = PBXBuildFile; productRef = CE3B9E4429EC4927003FD536 /* Kingfisher */; };
		CE3B9E4829EC57CF003FD536 /* SwiftKeychainWrapper in Frameworks */ = {isa = PBXBuildFile; productRef = CE3B9E4729EC57CF003FD536 /* SwiftKeychainWrapper */; };
		CE3B9E4B29ED72B2003FD536 /* TabBarController.swift in Sources */ = {isa = PBXBuildFile; fileRef = CE3B9E4A29ED72B2003FD536 /* TabBarController.swift */; };
		CE3B9E4D29F2C82A003FD536 /* ImagesListService.swift in Sources */ = {isa = PBXBuildFile; fileRef = CE3B9E4C29F2C82A003FD536 /* ImagesListService.swift */; };
		CE3B9E5E29F6CE42003FD536 /* ImagesListModels.swift in Sources */ = {isa = PBXBuildFile; fileRef = CE3B9E5D29F6CE42003FD536 /* ImagesListModels.swift */; };
		CE3B9E6029F81F21003FD536 /* Extension Array.swift in Sources */ = {isa = PBXBuildFile; fileRef = CE3B9E5F29F81F21003FD536 /* Extension Array.swift */; };
		CE3F16B42A07F775004CADD2 /* WebViewPresenter.swift in Sources */ = {isa = PBXBuildFile; fileRef = CE3F16B32A07F775004CADD2 /* WebViewPresenter.swift */; };
		CE3F16B62A08001A004CADD2 /* AuthHelper.swift in Sources */ = {isa = PBXBuildFile; fileRef = CE3F16B52A08001A004CADD2 /* AuthHelper.swift */; };
		CE3F16BE2A081836004CADD2 /* WebViewTests.swift in Sources */ = {isa = PBXBuildFile; fileRef = CE3F16BD2A081836004CADD2 /* WebViewTests.swift */; };
		CE3F16CF2A0BEAB8004CADD2 /* ImageFeedUITests.swift in Sources */ = {isa = PBXBuildFile; fileRef = CE3F16CE2A0BEAB8004CADD2 /* ImageFeedUITests.swift */; };
		CE3F16D12A0BEAB8004CADD2 /* ImageFeedUITestsLaunchTests.swift in Sources */ = {isa = PBXBuildFile; fileRef = CE3F16D02A0BEAB8004CADD2 /* ImageFeedUITestsLaunchTests.swift */; };
		CE3F16D82A0D2560004CADD2 /* ProfilePresenter.swift in Sources */ = {isa = PBXBuildFile; fileRef = CE3F16D72A0D2560004CADD2 /* ProfilePresenter.swift */; };
		CE4945F629A650EA001CE1B4 /* ImagesListCell.swift in Sources */ = {isa = PBXBuildFile; fileRef = CE4945F529A650EA001CE1B4 /* ImagesListCell.swift */; };
		CE4945F929A67F85001CE1B4 /* GradientCell.swift in Sources */ = {isa = PBXBuildFile; fileRef = CE4945F829A67F85001CE1B4 /* GradientCell.swift */; };
		CE70F96229A122FF00716648 /* AppDelegate.swift in Sources */ = {isa = PBXBuildFile; fileRef = CE70F96129A122FF00716648 /* AppDelegate.swift */; };
		CE70F96429A122FF00716648 /* SceneDelegate.swift in Sources */ = {isa = PBXBuildFile; fileRef = CE70F96329A122FF00716648 /* SceneDelegate.swift */; };
		CE70F96629A122FF00716648 /* ImagesListViewController.swift in Sources */ = {isa = PBXBuildFile; fileRef = CE70F96529A122FF00716648 /* ImagesListViewController.swift */; };
		CE70F96929A122FF00716648 /* Main.storyboard in Resources */ = {isa = PBXBuildFile; fileRef = CE70F96729A122FF00716648 /* Main.storyboard */; };
		CE70F96B29A1230000716648 /* Assets.xcassets in Resources */ = {isa = PBXBuildFile; fileRef = CE70F96A29A1230000716648 /* Assets.xcassets */; };
		CE70F96E29A1230000716648 /* LaunchScreen.storyboard in Resources */ = {isa = PBXBuildFile; fileRef = CE70F96C29A1230000716648 /* LaunchScreen.storyboard */; };
		CE748DED29B6428600C98A6A /* SingleImageViewController.swift in Sources */ = {isa = PBXBuildFile; fileRef = CE748DEC29B6428600C98A6A /* SingleImageViewController.swift */; };
		CEBC77C82A11111A0006F096 /* ImagesListPresenter.swift in Sources */ = {isa = PBXBuildFile; fileRef = CEBC77C72A11111A0006F096 /* ImagesListPresenter.swift */; };
		CEBC77CB2A11471C0006F096 /* WebViewPresenterSpy.swift in Sources */ = {isa = PBXBuildFile; fileRef = CE3F16C42A0BE1EB004CADD2 /* WebViewPresenterSpy.swift */; };
		CEBC77CC2A1147220006F096 /* WebViewViewControllerSpy.swift in Sources */ = {isa = PBXBuildFile; fileRef = CE3F16C62A0BE3DD004CADD2 /* WebViewViewControllerSpy.swift */; };
		CEBC77CE2A1147540006F096 /* ProfilePresentSpy.swift in Sources */ = {isa = PBXBuildFile; fileRef = CEBC77CD2A1147540006F096 /* ProfilePresentSpy.swift */; };
		CEBC77EA2A1297710006F096 /* ProfileViewTests.swift in Sources */ = {isa = PBXBuildFile; fileRef = CEBC77E32A12976A0006F096 /* ProfileViewTests.swift */; };
		CEBC77EC2A1297F00006F096 /* ProfileViewViewControllerSpy.swift in Sources */ = {isa = PBXBuildFile; fileRef = CEBC77EB2A1297F00006F096 /* ProfileViewViewControllerSpy.swift */; };
		CEBC77EE2A12B2F50006F096 /* ImagesListPresenterSpy.swift in Sources */ = {isa = PBXBuildFile; fileRef = CEBC77ED2A12B2F50006F096 /* ImagesListPresenterSpy.swift */; };
		CEBC77FC2A12B37D0006F096 /* ImagesListViewTests.swift in Sources */ = {isa = PBXBuildFile; fileRef = CEBC77F52A12B3780006F096 /* ImagesListViewTests.swift */; };
		CECE56E329BE18D2000B34E2 /* Resourses.swift in Sources */ = {isa = PBXBuildFile; fileRef = CECE56E229BE18D2000B34E2 /* Resourses.swift */; };
		CECE56E629BE1BAB000B34E2 /* UIColor.swift in Sources */ = {isa = PBXBuildFile; fileRef = CECE56E529BE1BAB000B34E2 /* UIColor.swift */; };
		CED4F7AB29B6105F00807B78 /* ProfileViewController.swift in Sources */ = {isa = PBXBuildFile; fileRef = CED4F7AA29B6105F00807B78 /* ProfileViewController.swift */; };
		CEDB171429D1E4280047A1EF /* SplashViewController.swift in Sources */ = {isa = PBXBuildFile; fileRef = CEDB171329D1E4280047A1EF /* SplashViewController.swift */; };
		CEDB171929DC64FA0047A1EF /* ProgressHUD in Frameworks */ = {isa = PBXBuildFile; productRef = CEDB171829DC64FA0047A1EF /* ProgressHUD */; };
/* End PBXBuildFile section */

/* Begin PBXContainerItemProxy section */
		CE3F16BF2A081836004CADD2 /* PBXContainerItemProxy */ = {
			isa = PBXContainerItemProxy;
			containerPortal = CE70F95629A122FF00716648 /* Project object */;
			proxyType = 1;
			remoteGlobalIDString = CE70F95D29A122FF00716648;
			remoteInfo = ImageFeed;
		};
		CE3F16D22A0BEAB8004CADD2 /* PBXContainerItemProxy */ = {
			isa = PBXContainerItemProxy;
			containerPortal = CE70F95629A122FF00716648 /* Project object */;
			proxyType = 1;
			remoteGlobalIDString = CE70F95D29A122FF00716648;
			remoteInfo = ImageFeed;
		};
		CEBC77E52A12976A0006F096 /* PBXContainerItemProxy */ = {
			isa = PBXContainerItemProxy;
			containerPortal = CE70F95629A122FF00716648 /* Project object */;
			proxyType = 1;
			remoteGlobalIDString = CE70F95D29A122FF00716648;
			remoteInfo = ImageFeed;
		};
		CEBC77F72A12B3780006F096 /* PBXContainerItemProxy */ = {
			isa = PBXContainerItemProxy;
			containerPortal = CE70F95629A122FF00716648 /* Project object */;
			proxyType = 1;
			remoteGlobalIDString = CE70F95D29A122FF00716648;
			remoteInfo = ImageFeed;
		};
/* End PBXContainerItemProxy section */

/* Begin PBXFileReference section */
		CE13EFC929C35129001E3E76 /* Extension UIView.swift */ = {isa = PBXFileReference; lastKnownFileType = sourcecode.swift; path = "Extension UIView.swift"; sourceTree = "<group>"; };
		CE13EFCC29C88B15001E3E76 /* OAuthConfiguration.swift */ = {isa = PBXFileReference; lastKnownFileType = sourcecode.swift; path = OAuthConfiguration.swift; sourceTree = "<group>"; };
		CE13EFCF29C8A148001E3E76 /* AuthViewController.swift */ = {isa = PBXFileReference; lastKnownFileType = sourcecode.swift; path = AuthViewController.swift; sourceTree = "<group>"; };
		CE13EFD129C8A2BE001E3E76 /* WebViewViewController.swift */ = {isa = PBXFileReference; lastKnownFileType = sourcecode.swift; path = WebViewViewController.swift; sourceTree = "<group>"; };
		CE13EFD529CC976C001E3E76 /* OAuth2Service.swift */ = {isa = PBXFileReference; lastKnownFileType = sourcecode.swift; path = OAuth2Service.swift; sourceTree = "<group>"; };
		CE13EFD729CCA92B001E3E76 /* OAuth2TokenStorage.swift */ = {isa = PBXFileReference; lastKnownFileType = sourcecode.swift; path = OAuth2TokenStorage.swift; sourceTree = "<group>"; };
		CE13EFD929CCAFEF001E3E76 /* OAuthTokenResponseBody.swift */ = {isa = PBXFileReference; lastKnownFileType = sourcecode.swift; path = OAuthTokenResponseBody.swift; sourceTree = "<group>"; };
		CE3B9E3B29E1957D003FD536 /* Extension NetworkClient.swift */ = {isa = PBXFileReference; lastKnownFileType = sourcecode.swift; path = "Extension NetworkClient.swift"; sourceTree = "<group>"; };
		CE3B9E3D29E19E92003FD536 /* UIBlockingProgressHUD.swift */ = {isa = PBXFileReference; lastKnownFileType = sourcecode.swift; path = UIBlockingProgressHUD.swift; sourceTree = "<group>"; };
		CE3B9E3F29E1A2D0003FD536 /* ProfileService.swift */ = {isa = PBXFileReference; lastKnownFileType = sourcecode.swift; path = ProfileService.swift; sourceTree = "<group>"; };
		CE3B9E4129E2FD82003FD536 /* ProfileImageService.swift */ = {isa = PBXFileReference; lastKnownFileType = sourcecode.swift; path = ProfileImageService.swift; sourceTree = "<group>"; };
		CE3B9E4A29ED72B2003FD536 /* TabBarController.swift */ = {isa = PBXFileReference; lastKnownFileType = sourcecode.swift; path = TabBarController.swift; sourceTree = "<group>"; };
		CE3B9E4C29F2C82A003FD536 /* ImagesListService.swift */ = {isa = PBXFileReference; lastKnownFileType = sourcecode.swift; path = ImagesListService.swift; sourceTree = "<group>"; };
		CE3B9E5D29F6CE42003FD536 /* ImagesListModels.swift */ = {isa = PBXFileReference; lastKnownFileType = sourcecode.swift; path = ImagesListModels.swift; sourceTree = "<group>"; };
		CE3B9E5F29F81F21003FD536 /* Extension Array.swift */ = {isa = PBXFileReference; lastKnownFileType = sourcecode.swift; path = "Extension Array.swift"; sourceTree = "<group>"; };
		CE3F16B32A07F775004CADD2 /* WebViewPresenter.swift */ = {isa = PBXFileReference; lastKnownFileType = sourcecode.swift; path = WebViewPresenter.swift; sourceTree = "<group>"; };
		CE3F16B52A08001A004CADD2 /* AuthHelper.swift */ = {isa = PBXFileReference; lastKnownFileType = sourcecode.swift; path = AuthHelper.swift; sourceTree = "<group>"; };
		CE3F16BB2A081836004CADD2 /* ImageFeedTests.xctest */ = {isa = PBXFileReference; explicitFileType = wrapper.cfbundle; includeInIndex = 0; path = ImageFeedTests.xctest; sourceTree = BUILT_PRODUCTS_DIR; };
		CE3F16BD2A081836004CADD2 /* WebViewTests.swift */ = {isa = PBXFileReference; lastKnownFileType = sourcecode.swift; path = WebViewTests.swift; sourceTree = "<group>"; };
		CE3F16C42A0BE1EB004CADD2 /* WebViewPresenterSpy.swift */ = {isa = PBXFileReference; lastKnownFileType = sourcecode.swift; path = WebViewPresenterSpy.swift; sourceTree = "<group>"; };
		CE3F16C62A0BE3DD004CADD2 /* WebViewViewControllerSpy.swift */ = {isa = PBXFileReference; lastKnownFileType = sourcecode.swift; path = WebViewViewControllerSpy.swift; sourceTree = "<group>"; };
		CE3F16CC2A0BEAB8004CADD2 /* ImageFeedUITests.xctest */ = {isa = PBXFileReference; explicitFileType = wrapper.cfbundle; includeInIndex = 0; path = ImageFeedUITests.xctest; sourceTree = BUILT_PRODUCTS_DIR; };
		CE3F16CE2A0BEAB8004CADD2 /* ImageFeedUITests.swift */ = {isa = PBXFileReference; lastKnownFileType = sourcecode.swift; path = ImageFeedUITests.swift; sourceTree = "<group>"; };
		CE3F16D02A0BEAB8004CADD2 /* ImageFeedUITestsLaunchTests.swift */ = {isa = PBXFileReference; lastKnownFileType = sourcecode.swift; path = ImageFeedUITestsLaunchTests.swift; sourceTree = "<group>"; };
		CE3F16D72A0D2560004CADD2 /* ProfilePresenter.swift */ = {isa = PBXFileReference; lastKnownFileType = sourcecode.swift; path = ProfilePresenter.swift; sourceTree = "<group>"; };
		CE4945F529A650EA001CE1B4 /* ImagesListCell.swift */ = {isa = PBXFileReference; lastKnownFileType = sourcecode.swift; path = ImagesListCell.swift; sourceTree = "<group>"; };
		CE4945F829A67F85001CE1B4 /* GradientCell.swift */ = {isa = PBXFileReference; lastKnownFileType = sourcecode.swift; path = GradientCell.swift; sourceTree = "<group>"; };
		CE70F95E29A122FF00716648 /* ImageFeed.app */ = {isa = PBXFileReference; explicitFileType = wrapper.application; includeInIndex = 0; path = ImageFeed.app; sourceTree = BUILT_PRODUCTS_DIR; };
		CE70F96129A122FF00716648 /* AppDelegate.swift */ = {isa = PBXFileReference; lastKnownFileType = sourcecode.swift; path = AppDelegate.swift; sourceTree = "<group>"; };
		CE70F96329A122FF00716648 /* SceneDelegate.swift */ = {isa = PBXFileReference; lastKnownFileType = sourcecode.swift; path = SceneDelegate.swift; sourceTree = "<group>"; };
		CE70F96529A122FF00716648 /* ImagesListViewController.swift */ = {isa = PBXFileReference; lastKnownFileType = sourcecode.swift; path = ImagesListViewController.swift; sourceTree = "<group>"; };
		CE70F96829A122FF00716648 /* Base */ = {isa = PBXFileReference; lastKnownFileType = file.storyboard; name = Base; path = Base.lproj/Main.storyboard; sourceTree = "<group>"; };
		CE70F96A29A1230000716648 /* Assets.xcassets */ = {isa = PBXFileReference; lastKnownFileType = folder.assetcatalog; path = Assets.xcassets; sourceTree = "<group>"; };
		CE70F96D29A1230000716648 /* Base */ = {isa = PBXFileReference; lastKnownFileType = file.storyboard; name = Base; path = Base.lproj/LaunchScreen.storyboard; sourceTree = "<group>"; };
		CE70F96F29A1230000716648 /* Info.plist */ = {isa = PBXFileReference; lastKnownFileType = text.plist.xml; path = Info.plist; sourceTree = "<group>"; };
		CE748DEC29B6428600C98A6A /* SingleImageViewController.swift */ = {isa = PBXFileReference; lastKnownFileType = sourcecode.swift; path = SingleImageViewController.swift; sourceTree = "<group>"; };
		CEBC77C72A11111A0006F096 /* ImagesListPresenter.swift */ = {isa = PBXFileReference; lastKnownFileType = sourcecode.swift; path = ImagesListPresenter.swift; sourceTree = "<group>"; };
		CEBC77CD2A1147540006F096 /* ProfilePresentSpy.swift */ = {isa = PBXFileReference; lastKnownFileType = sourcecode.swift; path = ProfilePresentSpy.swift; sourceTree = "<group>"; };
		CEBC77E12A12976A0006F096 /* ProfileViewTests.xctest */ = {isa = PBXFileReference; explicitFileType = wrapper.cfbundle; includeInIndex = 0; path = ProfileViewTests.xctest; sourceTree = BUILT_PRODUCTS_DIR; };
		CEBC77E32A12976A0006F096 /* ProfileViewTests.swift */ = {isa = PBXFileReference; lastKnownFileType = sourcecode.swift; path = ProfileViewTests.swift; sourceTree = "<group>"; };
		CEBC77EB2A1297F00006F096 /* ProfileViewViewControllerSpy.swift */ = {isa = PBXFileReference; lastKnownFileType = sourcecode.swift; path = ProfileViewViewControllerSpy.swift; sourceTree = "<group>"; };
		CEBC77ED2A12B2F50006F096 /* ImagesListPresenterSpy.swift */ = {isa = PBXFileReference; lastKnownFileType = sourcecode.swift; path = ImagesListPresenterSpy.swift; sourceTree = "<group>"; };
		CEBC77F32A12B3780006F096 /* ImagesListViewTests.xctest */ = {isa = PBXFileReference; explicitFileType = wrapper.cfbundle; includeInIndex = 0; path = ImagesListViewTests.xctest; sourceTree = BUILT_PRODUCTS_DIR; };
		CEBC77F52A12B3780006F096 /* ImagesListViewTests.swift */ = {isa = PBXFileReference; lastKnownFileType = sourcecode.swift; path = ImagesListViewTests.swift; sourceTree = "<group>"; };
		CECE56E229BE18D2000B34E2 /* Resourses.swift */ = {isa = PBXFileReference; lastKnownFileType = sourcecode.swift; path = Resourses.swift; sourceTree = "<group>"; };
		CECE56E529BE1BAB000B34E2 /* UIColor.swift */ = {isa = PBXFileReference; lastKnownFileType = sourcecode.swift; path = UIColor.swift; sourceTree = "<group>"; };
		CED4F7AA29B6105F00807B78 /* ProfileViewController.swift */ = {isa = PBXFileReference; lastKnownFileType = sourcecode.swift; path = ProfileViewController.swift; sourceTree = "<group>"; };
		CEDB171329D1E4280047A1EF /* SplashViewController.swift */ = {isa = PBXFileReference; lastKnownFileType = sourcecode.swift; path = SplashViewController.swift; sourceTree = "<group>"; };
/* End PBXFileReference section */

/* Begin PBXFrameworksBuildPhase section */
		CE3F16B82A081836004CADD2 /* Frameworks */ = {
			isa = PBXFrameworksBuildPhase;
			buildActionMask = 2147483647;
			files = (
			);
			runOnlyForDeploymentPostprocessing = 0;
		};
		CE3F16C92A0BEAB8004CADD2 /* Frameworks */ = {
			isa = PBXFrameworksBuildPhase;
			buildActionMask = 2147483647;
			files = (
			);
			runOnlyForDeploymentPostprocessing = 0;
		};
		CE70F95B29A122FF00716648 /* Frameworks */ = {
			isa = PBXFrameworksBuildPhase;
			buildActionMask = 2147483647;
			files = (
				CE3B9E4529EC4927003FD536 /* Kingfisher in Frameworks */,
				CEDB171929DC64FA0047A1EF /* ProgressHUD in Frameworks */,
				CE3B9E4829EC57CF003FD536 /* SwiftKeychainWrapper in Frameworks */,
			);
			runOnlyForDeploymentPostprocessing = 0;
		};
		CEBC77DE2A12976A0006F096 /* Frameworks */ = {
			isa = PBXFrameworksBuildPhase;
			buildActionMask = 2147483647;
			files = (
			);
			runOnlyForDeploymentPostprocessing = 0;
		};
		CEBC77F02A12B3780006F096 /* Frameworks */ = {
			isa = PBXFrameworksBuildPhase;
			buildActionMask = 2147483647;
			files = (
			);
			runOnlyForDeploymentPostprocessing = 0;
		};
/* End PBXFrameworksBuildPhase section */

/* Begin PBXGroup section */
		CE13EFCB29C88AF4001E3E76 /* Unsplash API */ = {
			isa = PBXGroup;
			children = (
				CE13EFCC29C88B15001E3E76 /* OAuthConfiguration.swift */,
				CE13EFD529CC976C001E3E76 /* OAuth2Service.swift */,
				CE13EFD729CCA92B001E3E76 /* OAuth2TokenStorage.swift */,
				CE13EFD929CCAFEF001E3E76 /* OAuthTokenResponseBody.swift */,
			);
			path = "Unsplash API";
			sourceTree = "<group>";
		};
		CE13EFCE29C8A122001E3E76 /* AuthView */ = {
			isa = PBXGroup;
			children = (
				CE13EFCF29C8A148001E3E76 /* AuthViewController.swift */,
				CE13EFD129C8A2BE001E3E76 /* WebViewViewController.swift */,
				CE3F16B32A07F775004CADD2 /* WebViewPresenter.swift */,
				CE3F16B52A08001A004CADD2 /* AuthHelper.swift */,
			);
			path = AuthView;
			sourceTree = "<group>";
		};
		CE3B9E4929ED729D003FD536 /* TapBarView */ = {
			isa = PBXGroup;
			children = (
				CE3B9E4A29ED72B2003FD536 /* TabBarController.swift */,
			);
			path = TapBarView;
			sourceTree = "<group>";
		};
		CE3F16BC2A081836004CADD2 /* ImageFeedTests */ = {
			isa = PBXGroup;
			children = (
				CE3F16C62A0BE3DD004CADD2 /* WebViewViewControllerSpy.swift */,
				CE3F16C42A0BE1EB004CADD2 /* WebViewPresenterSpy.swift */,
				CE3F16BD2A081836004CADD2 /* WebViewTests.swift */,
				CEBC77EB2A1297F00006F096 /* ProfileViewViewControllerSpy.swift */,
				CEBC77CD2A1147540006F096 /* ProfilePresentSpy.swift */,
				CEBC77E32A12976A0006F096 /* ProfileViewTests.swift */,
				CEBC77ED2A12B2F50006F096 /* ImagesListPresenterSpy.swift */,
				CEBC77F52A12B3780006F096 /* ImagesListViewTests.swift */,
			);
			path = ImageFeedTests;
			sourceTree = "<group>";
		};
		CE3F16CD2A0BEAB8004CADD2 /* ImageFeedUITests */ = {
			isa = PBXGroup;
			children = (
				CE3F16CE2A0BEAB8004CADD2 /* ImageFeedUITests.swift */,
				CE3F16D02A0BEAB8004CADD2 /* ImageFeedUITestsLaunchTests.swift */,
			);
			path = ImageFeedUITests;
			sourceTree = "<group>";
		};
		CE4945F729A65131001CE1B4 /* ImagesList */ = {
			isa = PBXGroup;
			children = (
				CE70F96529A122FF00716648 /* ImagesListViewController.swift */,
				CE4945F529A650EA001CE1B4 /* ImagesListCell.swift */,
				CE3B9E4C29F2C82A003FD536 /* ImagesListService.swift */,
				CE3B9E5D29F6CE42003FD536 /* ImagesListModels.swift */,
				CEBC77C72A11111A0006F096 /* ImagesListPresenter.swift */,
			);
			path = ImagesList;
			sourceTree = "<group>";
		};
		CE6C46E929B73D2A00B88608 /* ProfileView */ = {
			isa = PBXGroup;
			children = (
				CED4F7AA29B6105F00807B78 /* ProfileViewController.swift */,
				CE3F16D72A0D2560004CADD2 /* ProfilePresenter.swift */,
				CE3B9E3F29E1A2D0003FD536 /* ProfileService.swift */,
				CE3B9E4129E2FD82003FD536 /* ProfileImageService.swift */,
			);
			path = ProfileView;
			sourceTree = "<group>";
		};
		CE6C46EA29B73D3800B88608 /* SingleImageView */ = {
			isa = PBXGroup;
			children = (
				CE748DEC29B6428600C98A6A /* SingleImageViewController.swift */,
			);
			path = SingleImageView;
			sourceTree = "<group>";
		};
		CE70F95529A122FF00716648 = {
			isa = PBXGroup;
			children = (
				CE70F96029A122FF00716648 /* ImageFeed */,
				CE3F16BC2A081836004CADD2 /* ImageFeedTests */,
				CE3F16CD2A0BEAB8004CADD2 /* ImageFeedUITests */,
				CE70F95F29A122FF00716648 /* Products */,
			);
			sourceTree = "<group>";
		};
		CE70F95F29A122FF00716648 /* Products */ = {
			isa = PBXGroup;
			children = (
				CE70F95E29A122FF00716648 /* ImageFeed.app */,
				CE3F16BB2A081836004CADD2 /* ImageFeedTests.xctest */,
				CE3F16CC2A0BEAB8004CADD2 /* ImageFeedUITests.xctest */,
				CEBC77E12A12976A0006F096 /* ProfileViewTests.xctest */,
				CEBC77F32A12B3780006F096 /* ImagesListViewTests.xctest */,
			);
			name = Products;
			sourceTree = "<group>";
		};
		CE70F96029A122FF00716648 /* ImageFeed */ = {
			isa = PBXGroup;
			children = (
				CE3B9E4929ED729D003FD536 /* TapBarView */,
				CEDB171229D1E4120047A1EF /* SplashView */,
				CE13EFCE29C8A122001E3E76 /* AuthView */,
				CE13EFCB29C88AF4001E3E76 /* Unsplash API */,
				CECE56E429BE1B97000B34E2 /* Helpers */,
				CE4945F729A65131001CE1B4 /* ImagesList */,
				CE6C46EA29B73D3800B88608 /* SingleImageView */,
				CE6C46E929B73D2A00B88608 /* ProfileView */,
				CE70F96129A122FF00716648 /* AppDelegate.swift */,
				CE70F96329A122FF00716648 /* SceneDelegate.swift */,
				CE70F96729A122FF00716648 /* Main.storyboard */,
				CE70F96A29A1230000716648 /* Assets.xcassets */,
				CE70F96C29A1230000716648 /* LaunchScreen.storyboard */,
				CE70F96F29A1230000716648 /* Info.plist */,
			);
			path = ImageFeed;
			sourceTree = "<group>";
		};
		CECE56E429BE1B97000B34E2 /* Helpers */ = {
			isa = PBXGroup;
			children = (
				CECE56E229BE18D2000B34E2 /* Resourses.swift */,
				CECE56E529BE1BAB000B34E2 /* UIColor.swift */,
				CE4945F829A67F85001CE1B4 /* GradientCell.swift */,
				CE3B9E5F29F81F21003FD536 /* Extension Array.swift */,
				CE13EFC929C35129001E3E76 /* Extension UIView.swift */,
				CE3B9E3B29E1957D003FD536 /* Extension NetworkClient.swift */,
				CE3B9E3D29E19E92003FD536 /* UIBlockingProgressHUD.swift */,
			);
			path = Helpers;
			sourceTree = "<group>";
		};
		CEDB171229D1E4120047A1EF /* SplashView */ = {
			isa = PBXGroup;
			children = (
				CEDB171329D1E4280047A1EF /* SplashViewController.swift */,
			);
			path = SplashView;
			sourceTree = "<group>";
		};
/* End PBXGroup section */

/* Begin PBXNativeTarget section */
		CE3F16BA2A081836004CADD2 /* ImageFeedTests */ = {
			isa = PBXNativeTarget;
			buildConfigurationList = CE3F16C12A081836004CADD2 /* Build configuration list for PBXNativeTarget "ImageFeedTests" */;
			buildPhases = (
				CE3F16B72A081836004CADD2 /* Sources */,
				CE3F16B82A081836004CADD2 /* Frameworks */,
				CE3F16B92A081836004CADD2 /* Resources */,
			);
			buildRules = (
			);
			dependencies = (
				CE3F16C02A081836004CADD2 /* PBXTargetDependency */,
			);
			name = ImageFeedTests;
			productName = ImageFeedTests;
			productReference = CE3F16BB2A081836004CADD2 /* ImageFeedTests.xctest */;
			productType = "com.apple.product-type.bundle.unit-test";
		};
		CE3F16CB2A0BEAB8004CADD2 /* ImageFeedUITests */ = {
			isa = PBXNativeTarget;
			buildConfigurationList = CE3F16D42A0BEAB8004CADD2 /* Build configuration list for PBXNativeTarget "ImageFeedUITests" */;
			buildPhases = (
				CE3F16C82A0BEAB8004CADD2 /* Sources */,
				CE3F16C92A0BEAB8004CADD2 /* Frameworks */,
				CE3F16CA2A0BEAB8004CADD2 /* Resources */,
			);
			buildRules = (
			);
			dependencies = (
				CE3F16D32A0BEAB8004CADD2 /* PBXTargetDependency */,
			);
			name = ImageFeedUITests;
			productName = ImageFeedUITests;
			productReference = CE3F16CC2A0BEAB8004CADD2 /* ImageFeedUITests.xctest */;
			productType = "com.apple.product-type.bundle.ui-testing";
		};
		CE70F95D29A122FF00716648 /* ImageFeed */ = {
			isa = PBXNativeTarget;
			buildConfigurationList = CE70F97229A1230000716648 /* Build configuration list for PBXNativeTarget "ImageFeed" */;
			buildPhases = (
				CE70F95A29A122FF00716648 /* Sources */,
				CE70F95B29A122FF00716648 /* Frameworks */,
				CE70F95C29A122FF00716648 /* Resources */,
			);
			buildRules = (
			);
			dependencies = (
			);
			name = ImageFeed;
			packageProductDependencies = (
				CEDB171829DC64FA0047A1EF /* ProgressHUD */,
				CE3B9E4429EC4927003FD536 /* Kingfisher */,
				CE3B9E4729EC57CF003FD536 /* SwiftKeychainWrapper */,
			);
			productName = ImageFeed;
			productReference = CE70F95E29A122FF00716648 /* ImageFeed.app */;
			productType = "com.apple.product-type.application";
		};
		CEBC77E02A12976A0006F096 /* ProfileViewTests */ = {
			isa = PBXNativeTarget;
			buildConfigurationList = CEBC77E92A12976A0006F096 /* Build configuration list for PBXNativeTarget "ProfileViewTests" */;
			buildPhases = (
				CEBC77DD2A12976A0006F096 /* Sources */,
				CEBC77DE2A12976A0006F096 /* Frameworks */,
				CEBC77DF2A12976A0006F096 /* Resources */,
			);
			buildRules = (
			);
			dependencies = (
				CEBC77E62A12976A0006F096 /* PBXTargetDependency */,
			);
			name = ProfileViewTests;
			productName = ProfileViewTests;
			productReference = CEBC77E12A12976A0006F096 /* ProfileViewTests.xctest */;
			productType = "com.apple.product-type.bundle.unit-test";
		};
		CEBC77F22A12B3780006F096 /* ImagesListViewTests */ = {
			isa = PBXNativeTarget;
			buildConfigurationList = CEBC77F92A12B3780006F096 /* Build configuration list for PBXNativeTarget "ImagesListViewTests" */;
			buildPhases = (
				CEBC77EF2A12B3780006F096 /* Sources */,
				CEBC77F02A12B3780006F096 /* Frameworks */,
				CEBC77F12A12B3780006F096 /* Resources */,
			);
			buildRules = (
			);
			dependencies = (
				CEBC77F82A12B3780006F096 /* PBXTargetDependency */,
			);
			name = ImagesListViewTests;
			productName = ImagesListViewTests;
			productReference = CEBC77F32A12B3780006F096 /* ImagesListViewTests.xctest */;
			productType = "com.apple.product-type.bundle.unit-test";
		};
/* End PBXNativeTarget section */

/* Begin PBXProject section */
		CE70F95629A122FF00716648 /* Project object */ = {
			isa = PBXProject;
			attributes = {
				BuildIndependentTargetsInParallel = 1;
				LastSwiftUpdateCheck = 1420;
				LastUpgradeCheck = 1400;
				TargetAttributes = {
					CE3F16BA2A081836004CADD2 = {
						CreatedOnToolsVersion = 14.2;
						TestTargetID = CE70F95D29A122FF00716648;
					};
					CE3F16CB2A0BEAB8004CADD2 = {
						CreatedOnToolsVersion = 14.2;
						TestTargetID = CE70F95D29A122FF00716648;
					};
					CE70F95D29A122FF00716648 = {
						CreatedOnToolsVersion = 14.0.1;
					};
					CEBC77E02A12976A0006F096 = {
						CreatedOnToolsVersion = 14.2;
						TestTargetID = CE70F95D29A122FF00716648;
					};
					CEBC77F22A12B3780006F096 = {
						CreatedOnToolsVersion = 14.2;
						TestTargetID = CE70F95D29A122FF00716648;
					};
				};
			};
			buildConfigurationList = CE70F95929A122FF00716648 /* Build configuration list for PBXProject "ImageFeed" */;
			compatibilityVersion = "Xcode 14.0";
			developmentRegion = en;
			hasScannedForEncodings = 0;
			knownRegions = (
				en,
				Base,
			);
			mainGroup = CE70F95529A122FF00716648;
			packageReferences = (
				CEDB171729DC64FA0047A1EF /* XCRemoteSwiftPackageReference "ProgressHUD" */,
				CE3B9E4329EC4926003FD536 /* XCRemoteSwiftPackageReference "Kingfisher" */,
				CE3B9E4629EC57CF003FD536 /* XCRemoteSwiftPackageReference "SwiftKeychainWrapper" */,
			);
			productRefGroup = CE70F95F29A122FF00716648 /* Products */;
			projectDirPath = "";
			projectRoot = "";
			targets = (
				CE70F95D29A122FF00716648 /* ImageFeed */,
				CE3F16BA2A081836004CADD2 /* ImageFeedTests */,
				CE3F16CB2A0BEAB8004CADD2 /* ImageFeedUITests */,
				CEBC77E02A12976A0006F096 /* ProfileViewTests */,
				CEBC77F22A12B3780006F096 /* ImagesListViewTests */,
			);
		};
/* End PBXProject section */

/* Begin PBXResourcesBuildPhase section */
		CE3F16B92A081836004CADD2 /* Resources */ = {
			isa = PBXResourcesBuildPhase;
			buildActionMask = 2147483647;
			files = (
			);
			runOnlyForDeploymentPostprocessing = 0;
		};
		CE3F16CA2A0BEAB8004CADD2 /* Resources */ = {
			isa = PBXResourcesBuildPhase;
			buildActionMask = 2147483647;
			files = (
			);
			runOnlyForDeploymentPostprocessing = 0;
		};
		CE70F95C29A122FF00716648 /* Resources */ = {
			isa = PBXResourcesBuildPhase;
			buildActionMask = 2147483647;
			files = (
				CE70F96E29A1230000716648 /* LaunchScreen.storyboard in Resources */,
				CE70F96B29A1230000716648 /* Assets.xcassets in Resources */,
				CE70F96929A122FF00716648 /* Main.storyboard in Resources */,
			);
			runOnlyForDeploymentPostprocessing = 0;
		};
		CEBC77DF2A12976A0006F096 /* Resources */ = {
			isa = PBXResourcesBuildPhase;
			buildActionMask = 2147483647;
			files = (
			);
			runOnlyForDeploymentPostprocessing = 0;
		};
		CEBC77F12A12B3780006F096 /* Resources */ = {
			isa = PBXResourcesBuildPhase;
			buildActionMask = 2147483647;
			files = (
			);
			runOnlyForDeploymentPostprocessing = 0;
		};
/* End PBXResourcesBuildPhase section */

/* Begin PBXSourcesBuildPhase section */
		CE3F16B72A081836004CADD2 /* Sources */ = {
			isa = PBXSourcesBuildPhase;
			buildActionMask = 2147483647;
			files = (
				CEBC77EC2A1297F00006F096 /* ProfileViewViewControllerSpy.swift in Sources */,
				CEBC77EE2A12B2F50006F096 /* ImagesListPresenterSpy.swift in Sources */,
				CEBC77CE2A1147540006F096 /* ProfilePresentSpy.swift in Sources */,
				CE3F16BE2A081836004CADD2 /* WebViewTests.swift in Sources */,
				CEBC77FC2A12B37D0006F096 /* ImagesListViewTests.swift in Sources */,
				CEBC77CC2A1147220006F096 /* WebViewViewControllerSpy.swift in Sources */,
				CEBC77EA2A1297710006F096 /* ProfileViewTests.swift in Sources */,
				CEBC77CB2A11471C0006F096 /* WebViewPresenterSpy.swift in Sources */,
			);
			runOnlyForDeploymentPostprocessing = 0;
		};
		CE3F16C82A0BEAB8004CADD2 /* Sources */ = {
			isa = PBXSourcesBuildPhase;
			buildActionMask = 2147483647;
			files = (
				CE3F16D12A0BEAB8004CADD2 /* ImageFeedUITestsLaunchTests.swift in Sources */,
				CE3F16CF2A0BEAB8004CADD2 /* ImageFeedUITests.swift in Sources */,
			);
			runOnlyForDeploymentPostprocessing = 0;
		};
		CE70F95A29A122FF00716648 /* Sources */ = {
			isa = PBXSourcesBuildPhase;
			buildActionMask = 2147483647;
			files = (
				CE3F16B42A07F775004CADD2 /* WebViewPresenter.swift in Sources */,
				CE3F16D82A0D2560004CADD2 /* ProfilePresenter.swift in Sources */,
				CE3B9E3C29E1957D003FD536 /* Extension NetworkClient.swift in Sources */,
				CE3B9E4D29F2C82A003FD536 /* ImagesListService.swift in Sources */,
				CED4F7AB29B6105F00807B78 /* ProfileViewController.swift in Sources */,
				CE13EFCD29C88B15001E3E76 /* OAuthConfiguration.swift in Sources */,
				CE3B9E6029F81F21003FD536 /* Extension Array.swift in Sources */,
				CE70F96629A122FF00716648 /* ImagesListViewController.swift in Sources */,
				CEDB171429D1E4280047A1EF /* SplashViewController.swift in Sources */,
				CE3F16B62A08001A004CADD2 /* AuthHelper.swift in Sources */,
				CE4945F929A67F85001CE1B4 /* GradientCell.swift in Sources */,
				CE13EFD029C8A148001E3E76 /* AuthViewController.swift in Sources */,
				CE13EFDA29CCAFEF001E3E76 /* OAuthTokenResponseBody.swift in Sources */,
				CE13EFCA29C35129001E3E76 /* Extension UIView.swift in Sources */,
				CE3B9E4029E1A2D0003FD536 /* ProfileService.swift in Sources */,
				CE3B9E3E29E19E92003FD536 /* UIBlockingProgressHUD.swift in Sources */,
				CECE56E329BE18D2000B34E2 /* Resourses.swift in Sources */,
				CECE56E629BE1BAB000B34E2 /* UIColor.swift in Sources */,
				CE3B9E4B29ED72B2003FD536 /* TabBarController.swift in Sources */,
				CE13EFD229C8A2BE001E3E76 /* WebViewViewController.swift in Sources */,
				CE748DED29B6428600C98A6A /* SingleImageViewController.swift in Sources */,
				CE3B9E4229E2FD82003FD536 /* ProfileImageService.swift in Sources */,
				CE13EFD629CC976C001E3E76 /* OAuth2Service.swift in Sources */,
				CE13EFD829CCA92B001E3E76 /* OAuth2TokenStorage.swift in Sources */,
				CE4945F629A650EA001CE1B4 /* ImagesListCell.swift in Sources */,
				CE70F96229A122FF00716648 /* AppDelegate.swift in Sources */,
				CE70F96429A122FF00716648 /* SceneDelegate.swift in Sources */,
				CE3B9E5E29F6CE42003FD536 /* ImagesListModels.swift in Sources */,
				CEBC77C82A11111A0006F096 /* ImagesListPresenter.swift in Sources */,
			);
			runOnlyForDeploymentPostprocessing = 0;
		};
		CEBC77DD2A12976A0006F096 /* Sources */ = {
			isa = PBXSourcesBuildPhase;
			buildActionMask = 2147483647;
			files = (
			);
			runOnlyForDeploymentPostprocessing = 0;
		};
		CEBC77EF2A12B3780006F096 /* Sources */ = {
			isa = PBXSourcesBuildPhase;
			buildActionMask = 2147483647;
			files = (
			);
			runOnlyForDeploymentPostprocessing = 0;
		};
/* End PBXSourcesBuildPhase section */

/* Begin PBXTargetDependency section */
		CE3F16C02A081836004CADD2 /* PBXTargetDependency */ = {
			isa = PBXTargetDependency;
			target = CE70F95D29A122FF00716648 /* ImageFeed */;
			targetProxy = CE3F16BF2A081836004CADD2 /* PBXContainerItemProxy */;
		};
		CE3F16D32A0BEAB8004CADD2 /* PBXTargetDependency */ = {
			isa = PBXTargetDependency;
			target = CE70F95D29A122FF00716648 /* ImageFeed */;
			targetProxy = CE3F16D22A0BEAB8004CADD2 /* PBXContainerItemProxy */;
		};
		CEBC77E62A12976A0006F096 /* PBXTargetDependency */ = {
			isa = PBXTargetDependency;
			target = CE70F95D29A122FF00716648 /* ImageFeed */;
			targetProxy = CEBC77E52A12976A0006F096 /* PBXContainerItemProxy */;
		};
		CEBC77F82A12B3780006F096 /* PBXTargetDependency */ = {
			isa = PBXTargetDependency;
			target = CE70F95D29A122FF00716648 /* ImageFeed */;
			targetProxy = CEBC77F72A12B3780006F096 /* PBXContainerItemProxy */;
		};
/* End PBXTargetDependency section */

/* Begin PBXVariantGroup section */
		CE70F96729A122FF00716648 /* Main.storyboard */ = {
			isa = PBXVariantGroup;
			children = (
				CE70F96829A122FF00716648 /* Base */,
			);
			name = Main.storyboard;
			sourceTree = "<group>";
		};
		CE70F96C29A1230000716648 /* LaunchScreen.storyboard */ = {
			isa = PBXVariantGroup;
			children = (
				CE70F96D29A1230000716648 /* Base */,
			);
			name = LaunchScreen.storyboard;
			sourceTree = "<group>";
		};
/* End PBXVariantGroup section */

/* Begin XCBuildConfiguration section */
		CE3F16C22A081836004CADD2 /* Debug */ = {
			isa = XCBuildConfiguration;
			buildSettings = {
				BUNDLE_LOADER = "$(TEST_HOST)";
				CODE_SIGN_STYLE = Automatic;
				CURRENT_PROJECT_VERSION = 1;
				DEVELOPMENT_TEAM = C4L53C7A94;
				GENERATE_INFOPLIST_FILE = YES;
				IPHONEOS_DEPLOYMENT_TARGET = 16.2;
				MARKETING_VERSION = 1.0;
				PRODUCT_BUNDLE_IDENTIFIER = ru.yandex.practicum.ImageFeedTests;
				PRODUCT_NAME = "$(TARGET_NAME)";
				SWIFT_EMIT_LOC_STRINGS = NO;
				SWIFT_VERSION = 5.0;
				TARGETED_DEVICE_FAMILY = "1,2";
				TEST_HOST = "$(BUILT_PRODUCTS_DIR)/ImageFeed.app/$(BUNDLE_EXECUTABLE_FOLDER_PATH)/ImageFeed";
			};
			name = Debug;
		};
		CE3F16C32A081836004CADD2 /* Release */ = {
			isa = XCBuildConfiguration;
			buildSettings = {
				BUNDLE_LOADER = "$(TEST_HOST)";
				CODE_SIGN_STYLE = Automatic;
				CURRENT_PROJECT_VERSION = 1;
				DEVELOPMENT_TEAM = C4L53C7A94;
				GENERATE_INFOPLIST_FILE = YES;
				IPHONEOS_DEPLOYMENT_TARGET = 16.2;
				MARKETING_VERSION = 1.0;
				PRODUCT_BUNDLE_IDENTIFIER = ru.yandex.practicum.ImageFeedTests;
				PRODUCT_NAME = "$(TARGET_NAME)";
				SWIFT_EMIT_LOC_STRINGS = NO;
				SWIFT_VERSION = 5.0;
				TARGETED_DEVICE_FAMILY = "1,2";
				TEST_HOST = "$(BUILT_PRODUCTS_DIR)/ImageFeed.app/$(BUNDLE_EXECUTABLE_FOLDER_PATH)/ImageFeed";
			};
			name = Release;
		};
		CE3F16D52A0BEAB8004CADD2 /* Debug */ = {
			isa = XCBuildConfiguration;
			buildSettings = {
				"CODE_SIGN_IDENTITY[sdk=macosx*]" = "-";
				CODE_SIGN_STYLE = Automatic;
				CURRENT_PROJECT_VERSION = 1;
				DEVELOPMENT_TEAM = C4L53C7A94;
				GENERATE_INFOPLIST_FILE = YES;
				IPHONEOS_DEPLOYMENT_TARGET = 16.2;
				MARKETING_VERSION = 1.0;
				PRODUCT_BUNDLE_IDENTIFIER = ru.yandex.practicum.ImageFeedUITests;
				"PRODUCT_BUNDLE_IDENTIFIER[sdk=iphoneos*]" = ru.yandex.practicum.ImageFeedUITests001;
				PRODUCT_NAME = "$(TARGET_NAME)";
				SWIFT_EMIT_LOC_STRINGS = NO;
				SWIFT_VERSION = 5.0;
				TARGETED_DEVICE_FAMILY = "1,2";
				TEST_TARGET_NAME = ImageFeed;
			};
			name = Debug;
		};
		CE3F16D62A0BEAB8004CADD2 /* Release */ = {
			isa = XCBuildConfiguration;
			buildSettings = {
				CODE_SIGN_STYLE = Automatic;
				CURRENT_PROJECT_VERSION = 1;
				DEVELOPMENT_TEAM = C4L53C7A94;
				GENERATE_INFOPLIST_FILE = YES;
				IPHONEOS_DEPLOYMENT_TARGET = 16.2;
				MARKETING_VERSION = 1.0;
				PRODUCT_BUNDLE_IDENTIFIER = ru.yandex.practicum.ImageFeedUITests;
				"PRODUCT_BUNDLE_IDENTIFIER[sdk=iphoneos*]" = ru.yandex.practicum.ImageFeedUITests001;
				PRODUCT_NAME = "$(TARGET_NAME)";
				SWIFT_EMIT_LOC_STRINGS = NO;
				SWIFT_VERSION = 5.0;
				TARGETED_DEVICE_FAMILY = "1,2";
				TEST_TARGET_NAME = ImageFeed;
			};
			name = Release;
		};
		CE70F97029A1230000716648 /* Debug */ = {
			isa = XCBuildConfiguration;
			buildSettings = {
				ALWAYS_SEARCH_USER_PATHS = NO;
				CLANG_ANALYZER_NONNULL = YES;
				CLANG_ANALYZER_NUMBER_OBJECT_CONVERSION = YES_AGGRESSIVE;
				CLANG_CXX_LANGUAGE_STANDARD = "gnu++20";
				CLANG_ENABLE_MODULES = YES;
				CLANG_ENABLE_OBJC_ARC = YES;
				CLANG_ENABLE_OBJC_WEAK = YES;
				CLANG_WARN_BLOCK_CAPTURE_AUTORELEASING = YES;
				CLANG_WARN_BOOL_CONVERSION = YES;
				CLANG_WARN_COMMA = YES;
				CLANG_WARN_CONSTANT_CONVERSION = YES;
				CLANG_WARN_DEPRECATED_OBJC_IMPLEMENTATIONS = YES;
				CLANG_WARN_DIRECT_OBJC_ISA_USAGE = YES_ERROR;
				CLANG_WARN_DOCUMENTATION_COMMENTS = YES;
				CLANG_WARN_EMPTY_BODY = YES;
				CLANG_WARN_ENUM_CONVERSION = YES;
				CLANG_WARN_INFINITE_RECURSION = YES;
				CLANG_WARN_INT_CONVERSION = YES;
				CLANG_WARN_NON_LITERAL_NULL_CONVERSION = YES;
				CLANG_WARN_OBJC_IMPLICIT_RETAIN_SELF = YES;
				CLANG_WARN_OBJC_LITERAL_CONVERSION = YES;
				CLANG_WARN_OBJC_ROOT_CLASS = YES_ERROR;
				CLANG_WARN_QUOTED_INCLUDE_IN_FRAMEWORK_HEADER = YES;
				CLANG_WARN_RANGE_LOOP_ANALYSIS = YES;
				CLANG_WARN_STRICT_PROTOTYPES = YES;
				CLANG_WARN_SUSPICIOUS_MOVE = YES;
				CLANG_WARN_UNGUARDED_AVAILABILITY = YES_AGGRESSIVE;
				CLANG_WARN_UNREACHABLE_CODE = YES;
				CLANG_WARN__DUPLICATE_METHOD_MATCH = YES;
				COPY_PHASE_STRIP = NO;
				DEBUG_INFORMATION_FORMAT = dwarf;
				ENABLE_STRICT_OBJC_MSGSEND = YES;
				ENABLE_TESTABILITY = YES;
				GCC_C_LANGUAGE_STANDARD = gnu11;
				GCC_DYNAMIC_NO_PIC = NO;
				GCC_NO_COMMON_BLOCKS = YES;
				GCC_OPTIMIZATION_LEVEL = 0;
				GCC_PREPROCESSOR_DEFINITIONS = (
					"DEBUG=1",
					"$(inherited)",
				);
				GCC_WARN_64_TO_32_BIT_CONVERSION = YES;
				GCC_WARN_ABOUT_RETURN_TYPE = YES_ERROR;
				GCC_WARN_UNDECLARED_SELECTOR = YES;
				GCC_WARN_UNINITIALIZED_AUTOS = YES_AGGRESSIVE;
				GCC_WARN_UNUSED_FUNCTION = YES;
				GCC_WARN_UNUSED_VARIABLE = YES;
				IPHONEOS_DEPLOYMENT_TARGET = 16.0;
				MTL_ENABLE_DEBUG_INFO = INCLUDE_SOURCE;
				MTL_FAST_MATH = YES;
				ONLY_ACTIVE_ARCH = YES;
				SDKROOT = iphoneos;
				SWIFT_ACTIVE_COMPILATION_CONDITIONS = DEBUG;
				SWIFT_OPTIMIZATION_LEVEL = "-Onone";
			};
			name = Debug;
		};
		CE70F97129A1230000716648 /* Release */ = {
			isa = XCBuildConfiguration;
			buildSettings = {
				ALWAYS_SEARCH_USER_PATHS = NO;
				CLANG_ANALYZER_NONNULL = YES;
				CLANG_ANALYZER_NUMBER_OBJECT_CONVERSION = YES_AGGRESSIVE;
				CLANG_CXX_LANGUAGE_STANDARD = "gnu++20";
				CLANG_ENABLE_MODULES = YES;
				CLANG_ENABLE_OBJC_ARC = YES;
				CLANG_ENABLE_OBJC_WEAK = YES;
				CLANG_WARN_BLOCK_CAPTURE_AUTORELEASING = YES;
				CLANG_WARN_BOOL_CONVERSION = YES;
				CLANG_WARN_COMMA = YES;
				CLANG_WARN_CONSTANT_CONVERSION = YES;
				CLANG_WARN_DEPRECATED_OBJC_IMPLEMENTATIONS = YES;
				CLANG_WARN_DIRECT_OBJC_ISA_USAGE = YES_ERROR;
				CLANG_WARN_DOCUMENTATION_COMMENTS = YES;
				CLANG_WARN_EMPTY_BODY = YES;
				CLANG_WARN_ENUM_CONVERSION = YES;
				CLANG_WARN_INFINITE_RECURSION = YES;
				CLANG_WARN_INT_CONVERSION = YES;
				CLANG_WARN_NON_LITERAL_NULL_CONVERSION = YES;
				CLANG_WARN_OBJC_IMPLICIT_RETAIN_SELF = YES;
				CLANG_WARN_OBJC_LITERAL_CONVERSION = YES;
				CLANG_WARN_OBJC_ROOT_CLASS = YES_ERROR;
				CLANG_WARN_QUOTED_INCLUDE_IN_FRAMEWORK_HEADER = YES;
				CLANG_WARN_RANGE_LOOP_ANALYSIS = YES;
				CLANG_WARN_STRICT_PROTOTYPES = YES;
				CLANG_WARN_SUSPICIOUS_MOVE = YES;
				CLANG_WARN_UNGUARDED_AVAILABILITY = YES_AGGRESSIVE;
				CLANG_WARN_UNREACHABLE_CODE = YES;
				CLANG_WARN__DUPLICATE_METHOD_MATCH = YES;
				COPY_PHASE_STRIP = NO;
				DEBUG_INFORMATION_FORMAT = "dwarf-with-dsym";
				ENABLE_NS_ASSERTIONS = NO;
				ENABLE_STRICT_OBJC_MSGSEND = YES;
				GCC_C_LANGUAGE_STANDARD = gnu11;
				GCC_NO_COMMON_BLOCKS = YES;
				GCC_WARN_64_TO_32_BIT_CONVERSION = YES;
				GCC_WARN_ABOUT_RETURN_TYPE = YES_ERROR;
				GCC_WARN_UNDECLARED_SELECTOR = YES;
				GCC_WARN_UNINITIALIZED_AUTOS = YES_AGGRESSIVE;
				GCC_WARN_UNUSED_FUNCTION = YES;
				GCC_WARN_UNUSED_VARIABLE = YES;
				IPHONEOS_DEPLOYMENT_TARGET = 16.0;
				MTL_ENABLE_DEBUG_INFO = NO;
				MTL_FAST_MATH = YES;
				SDKROOT = iphoneos;
				SWIFT_COMPILATION_MODE = wholemodule;
				SWIFT_OPTIMIZATION_LEVEL = "-O";
				VALIDATE_PRODUCT = YES;
			};
			name = Release;
		};
		CE70F97329A1230000716648 /* Debug */ = {
			isa = XCBuildConfiguration;
			buildSettings = {
				ASSETCATALOG_COMPILER_APPICON_NAME = AppIcon;
				ASSETCATALOG_COMPILER_GLOBAL_ACCENT_COLOR_NAME = AccentColor;
				CODE_SIGN_STYLE = Automatic;
				CURRENT_PROJECT_VERSION = 1;
				DEVELOPMENT_TEAM = C4L53C7A94;
				GENERATE_INFOPLIST_FILE = YES;
				INFOPLIST_FILE = ImageFeed/Info.plist;
				INFOPLIST_KEY_UIApplicationSupportsIndirectInputEvents = YES;
				INFOPLIST_KEY_UILaunchStoryboardName = LaunchScreen;
				INFOPLIST_KEY_UIMainStoryboardFile = Main;
				INFOPLIST_KEY_UIStatusBarStyle = UIStatusBarStyleLightContent;
				INFOPLIST_KEY_UISupportedInterfaceOrientations = UIInterfaceOrientationPortrait;
				IPHONEOS_DEPLOYMENT_TARGET = 13.0;
				LD_RUNPATH_SEARCH_PATHS = (
					"$(inherited)",
					"@executable_path/Frameworks",
				);
				MARKETING_VERSION = 1.0;
				PRODUCT_BUNDLE_IDENTIFIER = ru.yandex.practicum.ImageFeed.litvinov555;
				PRODUCT_NAME = "$(TARGET_NAME)";
				SUPPORTED_PLATFORMS = "iphoneos iphonesimulator";
				SUPPORTS_MACCATALYST = NO;
				SUPPORTS_MAC_DESIGNED_FOR_IPHONE_IPAD = NO;
				SWIFT_EMIT_LOC_STRINGS = YES;
				SWIFT_VERSION = 5.0;
				TARGETED_DEVICE_FAMILY = 1;
			};
			name = Debug;
		};
		CE70F97429A1230000716648 /* Release */ = {
			isa = XCBuildConfiguration;
			buildSettings = {
				ASSETCATALOG_COMPILER_APPICON_NAME = AppIcon;
				ASSETCATALOG_COMPILER_GLOBAL_ACCENT_COLOR_NAME = AccentColor;
				CODE_SIGN_STYLE = Automatic;
				CURRENT_PROJECT_VERSION = 1;
				DEVELOPMENT_TEAM = C4L53C7A94;
				GENERATE_INFOPLIST_FILE = YES;
				INFOPLIST_FILE = ImageFeed/Info.plist;
				INFOPLIST_KEY_UIApplicationSupportsIndirectInputEvents = YES;
				INFOPLIST_KEY_UILaunchStoryboardName = LaunchScreen;
				INFOPLIST_KEY_UIMainStoryboardFile = Main;
				INFOPLIST_KEY_UIStatusBarStyle = UIStatusBarStyleLightContent;
				INFOPLIST_KEY_UISupportedInterfaceOrientations = UIInterfaceOrientationPortrait;
				IPHONEOS_DEPLOYMENT_TARGET = 13.0;
				LD_RUNPATH_SEARCH_PATHS = (
					"$(inherited)",
					"@executable_path/Frameworks",
				);
				MARKETING_VERSION = 1.0;
				PRODUCT_BUNDLE_IDENTIFIER = ru.yandex.practicum.ImageFeed.litvinov555;
				PRODUCT_NAME = "$(TARGET_NAME)";
				SUPPORTED_PLATFORMS = "iphoneos iphonesimulator";
				SUPPORTS_MACCATALYST = NO;
				SUPPORTS_MAC_DESIGNED_FOR_IPHONE_IPAD = NO;
				SWIFT_EMIT_LOC_STRINGS = YES;
				SWIFT_VERSION = 5.0;
				TARGETED_DEVICE_FAMILY = 1;
			};
			name = Release;
		};
		CEBC77E72A12976A0006F096 /* Debug */ = {
			isa = XCBuildConfiguration;
			buildSettings = {
				BUNDLE_LOADER = "$(TEST_HOST)";
				CODE_SIGN_STYLE = Automatic;
				CURRENT_PROJECT_VERSION = 1;
				DEVELOPMENT_TEAM = C4L53C7A94;
				GENERATE_INFOPLIST_FILE = YES;
				IPHONEOS_DEPLOYMENT_TARGET = 16.2;
				MARKETING_VERSION = 1.0;
				PRODUCT_BUNDLE_IDENTIFIER = ru.yandex.practicum.ProfileViewTests;
				PRODUCT_NAME = "$(TARGET_NAME)";
				SWIFT_EMIT_LOC_STRINGS = NO;
				SWIFT_VERSION = 5.0;
				TARGETED_DEVICE_FAMILY = "1,2";
				TEST_HOST = "$(BUILT_PRODUCTS_DIR)/ImageFeed.app/$(BUNDLE_EXECUTABLE_FOLDER_PATH)/ImageFeed";
			};
			name = Debug;
		};
		CEBC77E82A12976A0006F096 /* Release */ = {
			isa = XCBuildConfiguration;
			buildSettings = {
				BUNDLE_LOADER = "$(TEST_HOST)";
				CODE_SIGN_STYLE = Automatic;
				CURRENT_PROJECT_VERSION = 1;
				DEVELOPMENT_TEAM = C4L53C7A94;
				GENERATE_INFOPLIST_FILE = YES;
				IPHONEOS_DEPLOYMENT_TARGET = 16.2;
				MARKETING_VERSION = 1.0;
				PRODUCT_BUNDLE_IDENTIFIER = ru.yandex.practicum.ProfileViewTests;
				PRODUCT_NAME = "$(TARGET_NAME)";
				SWIFT_EMIT_LOC_STRINGS = NO;
				SWIFT_VERSION = 5.0;
				TARGETED_DEVICE_FAMILY = "1,2";
				TEST_HOST = "$(BUILT_PRODUCTS_DIR)/ImageFeed.app/$(BUNDLE_EXECUTABLE_FOLDER_PATH)/ImageFeed";
			};
			name = Release;
		};
		CEBC77FA2A12B3780006F096 /* Debug */ = {
			isa = XCBuildConfiguration;
			buildSettings = {
				BUNDLE_LOADER = "$(TEST_HOST)";
				CODE_SIGN_STYLE = Automatic;
				CURRENT_PROJECT_VERSION = 1;
				DEVELOPMENT_TEAM = C4L53C7A94;
				GENERATE_INFOPLIST_FILE = YES;
				IPHONEOS_DEPLOYMENT_TARGET = 16.2;
				MARKETING_VERSION = 1.0;
				PRODUCT_BUNDLE_IDENTIFIER = ru.yandex.practicum.ImagesListViewTests;
				PRODUCT_NAME = "$(TARGET_NAME)";
				SWIFT_EMIT_LOC_STRINGS = NO;
				SWIFT_VERSION = 5.0;
				TARGETED_DEVICE_FAMILY = "1,2";
				TEST_HOST = "$(BUILT_PRODUCTS_DIR)/ImageFeed.app/$(BUNDLE_EXECUTABLE_FOLDER_PATH)/ImageFeed";
			};
			name = Debug;
		};
		CEBC77FB2A12B3780006F096 /* Release */ = {
			isa = XCBuildConfiguration;
			buildSettings = {
				BUNDLE_LOADER = "$(TEST_HOST)";
				CODE_SIGN_STYLE = Automatic;
				CURRENT_PROJECT_VERSION = 1;
				DEVELOPMENT_TEAM = C4L53C7A94;
				GENERATE_INFOPLIST_FILE = YES;
				IPHONEOS_DEPLOYMENT_TARGET = 16.2;
				MARKETING_VERSION = 1.0;
				PRODUCT_BUNDLE_IDENTIFIER = ru.yandex.practicum.ImagesListViewTests;
				PRODUCT_NAME = "$(TARGET_NAME)";
				SWIFT_EMIT_LOC_STRINGS = NO;
				SWIFT_VERSION = 5.0;
				TARGETED_DEVICE_FAMILY = "1,2";
				TEST_HOST = "$(BUILT_PRODUCTS_DIR)/ImageFeed.app/$(BUNDLE_EXECUTABLE_FOLDER_PATH)/ImageFeed";
			};
			name = Release;
		};
/* End XCBuildConfiguration section */

/* Begin XCConfigurationList section */
		CE3F16C12A081836004CADD2 /* Build configuration list for PBXNativeTarget "ImageFeedTests" */ = {
			isa = XCConfigurationList;
			buildConfigurations = (
				CE3F16C22A081836004CADD2 /* Debug */,
				CE3F16C32A081836004CADD2 /* Release */,
			);
			defaultConfigurationIsVisible = 0;
			defaultConfigurationName = Release;
		};
		CE3F16D42A0BEAB8004CADD2 /* Build configuration list for PBXNativeTarget "ImageFeedUITests" */ = {
			isa = XCConfigurationList;
			buildConfigurations = (
				CE3F16D52A0BEAB8004CADD2 /* Debug */,
				CE3F16D62A0BEAB8004CADD2 /* Release */,
			);
			defaultConfigurationIsVisible = 0;
			defaultConfigurationName = Release;
		};
		CE70F95929A122FF00716648 /* Build configuration list for PBXProject "ImageFeed" */ = {
			isa = XCConfigurationList;
			buildConfigurations = (
				CE70F97029A1230000716648 /* Debug */,
				CE70F97129A1230000716648 /* Release */,
			);
			defaultConfigurationIsVisible = 0;
			defaultConfigurationName = Release;
		};
		CE70F97229A1230000716648 /* Build configuration list for PBXNativeTarget "ImageFeed" */ = {
			isa = XCConfigurationList;
			buildConfigurations = (
				CE70F97329A1230000716648 /* Debug */,
				CE70F97429A1230000716648 /* Release */,
			);
			defaultConfigurationIsVisible = 0;
			defaultConfigurationName = Release;
		};
		CEBC77E92A12976A0006F096 /* Build configuration list for PBXNativeTarget "ProfileViewTests" */ = {
			isa = XCConfigurationList;
			buildConfigurations = (
				CEBC77E72A12976A0006F096 /* Debug */,
				CEBC77E82A12976A0006F096 /* Release */,
			);
			defaultConfigurationIsVisible = 0;
			defaultConfigurationName = Release;
		};
		CEBC77F92A12B3780006F096 /* Build configuration list for PBXNativeTarget "ImagesListViewTests" */ = {
			isa = XCConfigurationList;
			buildConfigurations = (
				CEBC77FA2A12B3780006F096 /* Debug */,
				CEBC77FB2A12B3780006F096 /* Release */,
			);
			defaultConfigurationIsVisible = 0;
			defaultConfigurationName = Release;
		};
/* End XCConfigurationList section */

/* Begin XCRemoteSwiftPackageReference section */
		CE3B9E4329EC4926003FD536 /* XCRemoteSwiftPackageReference "Kingfisher" */ = {
			isa = XCRemoteSwiftPackageReference;
			repositoryURL = "https://github.com/onevcat/Kingfisher";
			requirement = {
				kind = upToNextMajorVersion;
				minimumVersion = 7.0.0;
			};
		};
		CE3B9E4629EC57CF003FD536 /* XCRemoteSwiftPackageReference "SwiftKeychainWrapper" */ = {
			isa = XCRemoteSwiftPackageReference;
			repositoryURL = "https://github.com/jrendel/SwiftKeychainWrapper";
			requirement = {
				kind = upToNextMajorVersion;
				minimumVersion = 4.0.0;
			};
		};
		CEDB171729DC64FA0047A1EF /* XCRemoteSwiftPackageReference "ProgressHUD" */ = {
			isa = XCRemoteSwiftPackageReference;
			repositoryURL = "https://github.com/relatedcode/ProgressHUD";
			requirement = {
				kind = upToNextMajorVersion;
				minimumVersion = 13.0.0;
			};
		};
/* End XCRemoteSwiftPackageReference section */

/* Begin XCSwiftPackageProductDependency section */
		CE3B9E4429EC4927003FD536 /* Kingfisher */ = {
			isa = XCSwiftPackageProductDependency;
			package = CE3B9E4329EC4926003FD536 /* XCRemoteSwiftPackageReference "Kingfisher" */;
			productName = Kingfisher;
		};
		CE3B9E4729EC57CF003FD536 /* SwiftKeychainWrapper */ = {
			isa = XCSwiftPackageProductDependency;
			package = CE3B9E4629EC57CF003FD536 /* XCRemoteSwiftPackageReference "SwiftKeychainWrapper" */;
			productName = SwiftKeychainWrapper;
		};
		CEDB171829DC64FA0047A1EF /* ProgressHUD */ = {
			isa = XCSwiftPackageProductDependency;
			package = CEDB171729DC64FA0047A1EF /* XCRemoteSwiftPackageReference "ProgressHUD" */;
			productName = ProgressHUD;
		};
/* End XCSwiftPackageProductDependency section */
	};
	rootObject = CE70F95629A122FF00716648 /* Project object */;
}
